
Microsoft Visual Studio Solution File, Format Version 12.00
# Visual Studio Version 17
VisualStudioVersion = 17.9.34902.65
MinimumVisualStudioVersion = 10.0.40219.1
Project("{FAE04EC0-301F-11D3-BF4B-00C04F79EFBC}") = "Herenca1", "Herenca1\Herenca1.csproj", "{D5E386E0-742D-4299-BF79-5BEFB394B496}"
EndProject
Global
	GlobalSection(SolutionConfigurationPlatforms) = preSolution
		Debug|Any CPU = Debug|Any CPU
		Release|Any CPU = Release|Any CPU
	EndGlobalSection
	GlobalSection(ProjectConfigurationPlatforms) = postSolution
		{D5E386E0-742D-4299-BF79-5BEFB394B496}.Debug|Any CPU.ActiveCfg = Debug|Any CPU
		{D5E386E0-742D-4299-BF79-5BEFB394B496}.Debug|Any CPU.Build.0 = Debug|Any CPU
		{D5E386E0-742D-4299-BF79-5BEFB394B496}.Release|Any CPU.ActiveCfg = Release|Any CPU
		{D5E386E0-742D-4299-BF79-5BEFB394B496}.Release|Any CPU.Build.0 = Release|Any CPU
	EndGlobalSection
	GlobalSection(SolutionProperties) = preSolution
		HideSolutionNode = FALSE
	EndGlobalSection
	GlobalSection(ExtensibilityGlobals) = postSolution
		SolutionGuid = {BF265287-C33E-402D-B446-2F014D02EB68}
	EndGlobalSection
EndGlobal
